// !$*UTF8*$!
{
	archiveVersion = 1;
	classes = {
	};
	objectVersion = 46;
	objects = {

/* Begin PBXBuildFile section */
		32F526C41AF8F65C003E3D76 /* main.m in Sources */ = {isa = PBXBuildFile; fileRef = 32F526C31AF8F65C003E3D76 /* main.m */; };
		32F526C71AF8F65C003E3D76 /* AppDelegate.m in Sources */ = {isa = PBXBuildFile; fileRef = 32F526C61AF8F65C003E3D76 /* AppDelegate.m */; };
		32F526CA1AF8F65C003E3D76 /* GettingAttention.xcdatamodeld in Sources */ = {isa = PBXBuildFile; fileRef = 32F526C81AF8F65C003E3D76 /* GettingAttention.xcdatamodeld */; };
		32F526CD1AF8F65C003E3D76 /* ViewController.m in Sources */ = {isa = PBXBuildFile; fileRef = 32F526CC1AF8F65C003E3D76 /* ViewController.m */; };
		32F526D01AF8F65C003E3D76 /* Main.storyboard in Resources */ = {isa = PBXBuildFile; fileRef = 32F526CE1AF8F65C003E3D76 /* Main.storyboard */; };
		32F526D21AF8F65C003E3D76 /* Images.xcassets in Resources */ = {isa = PBXBuildFile; fileRef = 32F526D11AF8F65C003E3D76 /* Images.xcassets */; };
		32F526D51AF8F65C003E3D76 /* LaunchScreen.xib in Resources */ = {isa = PBXBuildFile; fileRef = 32F526D31AF8F65C003E3D76 /* LaunchScreen.xib */; };
		32F526E11AF8F65C003E3D76 /* GettingAttentionTests.m in Sources */ = {isa = PBXBuildFile; fileRef = 32F526E01AF8F65C003E3D76 /* GettingAttentionTests.m */; };
		32F526EB1AF8F67C003E3D76 /* Sounds in Resources */ = {isa = PBXBuildFile; fileRef = 32F526EA1AF8F67C003E3D76 /* Sounds */; };
/* End PBXBuildFile section */

/* Begin PBXContainerItemProxy section */
		32F526DB1AF8F65C003E3D76 /* PBXContainerItemProxy */ = {
			isa = PBXContainerItemProxy;
			containerPortal = 32F526B61AF8F65C003E3D76 /* Project object */;
			proxyType = 1;
			remoteGlobalIDString = 32F526BD1AF8F65C003E3D76;
			remoteInfo = GettingAttention;
		};
/* End PBXContainerItemProxy section */

/* Begin PBXFileReference section */
		32F526BE1AF8F65C003E3D76 /* GettingAttention.app */ = {isa = PBXFileReference; explicitFileType = wrapper.application; includeInIndex = 0; path = GettingAttention.app; sourceTree = BUILT_PRODUCTS_DIR; };
		32F526C21AF8F65C003E3D76 /* Info.plist */ = {isa = PBXFileReference; lastKnownFileType = text.plist.xml; path = Info.plist; sourceTree = "<group>"; };
		32F526C31AF8F65C003E3D76 /* main.m */ = {isa = PBXFileReference; lastKnownFileType = sourcecode.c.objc; path = main.m; sourceTree = "<group>"; };
		32F526C51AF8F65C003E3D76 /* AppDelegate.h */ = {isa = PBXFileReference; lastKnownFileType = sourcecode.c.h; path = AppDelegate.h; sourceTree = "<group>"; };
		32F526C61AF8F65C003E3D76 /* AppDelegate.m */ = {isa = PBXFileReference; lastKnownFileType = sourcecode.c.objc; path = AppDelegate.m; sourceTree = "<group>"; };
		32F526C91AF8F65C003E3D76 /* GettingAttention.xcdatamodel */ = {isa = PBXFileReference; lastKnownFileType = wrapper.xcdatamodel; path = GettingAttention.xcdatamodel; sourceTree = "<group>"; };
		32F526CB1AF8F65C003E3D76 /* ViewController.h */ = {isa = PBXFileReference; lastKnownFileType = sourcecode.c.h; path = ViewController.h; sourceTree = "<group>"; };
		32F526CC1AF8F65C003E3D76 /* ViewController.m */ = {isa = PBXFileReference; lastKnownFileType = sourcecode.c.objc; path = ViewController.m; sourceTree = "<group>"; };
		32F526CF1AF8F65C003E3D76 /* Base */ = {isa = PBXFileReference; lastKnownFileType = file.storyboard; name = Base; path = Base.lproj/Main.storyboard; sourceTree = "<group>"; };
		32F526D11AF8F65C003E3D76 /* Images.xcassets */ = {isa = PBXFileReference; lastKnownFileType = folder.assetcatalog; path = Images.xcassets; sourceTree = "<group>"; };
		32F526D41AF8F65C003E3D76 /* Base */ = {isa = PBXFileReference; lastKnownFileType = file.xib; name = Base; path = Base.lproj/LaunchScreen.xib; sourceTree = "<group>"; };
		32F526DA1AF8F65C003E3D76 /* GettingAttentionTests.xctest */ = {isa = PBXFileReference; explicitFileType = wrapper.cfbundle; includeInIndex = 0; path = GettingAttentionTests.xctest; sourceTree = BUILT_PRODUCTS_DIR; };
		32F526DF1AF8F65C003E3D76 /* Info.plist */ = {isa = PBXFileReference; lastKnownFileType = text.plist.xml; path = Info.plist; sourceTree = "<group>"; };
		32F526E01AF8F65C003E3D76 /* GettingAttentionTests.m */ = {isa = PBXFileReference; lastKnownFileType = sourcecode.c.objc; path = GettingAttentionTests.m; sourceTree = "<group>"; };
		32F526EA1AF8F67C003E3D76 /* Sounds */ = {isa = PBXFileReference; lastKnownFileType = folder; path = Sounds; sourceTree = "<group>"; };
/* End PBXFileReference section */

/* Begin PBXFrameworksBuildPhase section */
		32F526BB1AF8F65C003E3D76 /* Frameworks */ = {
			isa = PBXFrameworksBuildPhase;
			buildActionMask = 2147483647;
			files = (
			);
			runOnlyForDeploymentPostprocessing = 0;
		};
		32F526D71AF8F65C003E3D76 /* Frameworks */ = {
			isa = PBXFrameworksBuildPhase;
			buildActionMask = 2147483647;
			files = (
			);
			runOnlyForDeploymentPostprocessing = 0;
		};
/* End PBXFrameworksBuildPhase section */

/* Begin PBXGroup section */
		32F526B51AF8F65C003E3D76 = {
			isa = PBXGroup;
			children = (
				32F526C01AF8F65C003E3D76 /* GettingAttention */,
				32F526DD1AF8F65C003E3D76 /* GettingAttentionTests */,
				32F526BF1AF8F65C003E3D76 /* Products */,
			);
			sourceTree = "<group>";
		};
		32F526BF1AF8F65C003E3D76 /* Products */ = {
			isa = PBXGroup;
			children = (
				32F526BE1AF8F65C003E3D76 /* GettingAttention.app */,
				32F526DA1AF8F65C003E3D76 /* GettingAttentionTests.xctest */,
			);
			name = Products;
			sourceTree = "<group>";
		};
		32F526C01AF8F65C003E3D76 /* GettingAttention */ = {
			isa = PBXGroup;
			children = (
				32F526CB1AF8F65C003E3D76 /* ViewController.h */,
				32F526CC1AF8F65C003E3D76 /* ViewController.m */,
				32F526CE1AF8F65C003E3D76 /* Main.storyboard */,
				32F526D11AF8F65C003E3D76 /* Images.xcassets */,
				32F526EA1AF8F67C003E3D76 /* Sounds */,
				32F526D31AF8F65C003E3D76 /* LaunchScreen.xib */,
				32F526C81AF8F65C003E3D76 /* GettingAttention.xcdatamodeld */,
				32F526C11AF8F65C003E3D76 /* Supporting Files */,
			);
			path = GettingAttention;
			sourceTree = "<group>";
		};
		32F526C11AF8F65C003E3D76 /* Supporting Files */ = {
			isa = PBXGroup;
			children = (
				32F526C51AF8F65C003E3D76 /* AppDelegate.h */,
				32F526C61AF8F65C003E3D76 /* AppDelegate.m */,
				32F526C21AF8F65C003E3D76 /* Info.plist */,
				32F526C31AF8F65C003E3D76 /* main.m */,
			);
			name = "Supporting Files";
			sourceTree = "<group>";
		};
		32F526DD1AF8F65C003E3D76 /* GettingAttentionTests */ = {
			isa = PBXGroup;
			children = (
				32F526E01AF8F65C003E3D76 /* GettingAttentionTests.m */,
				32F526DE1AF8F65C003E3D76 /* Supporting Files */,
			);
			path = GettingAttentionTests;
			sourceTree = "<group>";
		};
		32F526DE1AF8F65C003E3D76 /* Supporting Files */ = {
			isa = PBXGroup;
			children = (
				32F526DF1AF8F65C003E3D76 /* Info.plist */,
			);
			name = "Supporting Files";
			sourceTree = "<group>";
		};
/* End PBXGroup section */

/* Begin PBXNativeTarget section */
		32F526BD1AF8F65C003E3D76 /* GettingAttention */ = {
			isa = PBXNativeTarget;
			buildConfigurationList = 32F526E41AF8F65C003E3D76 /* Build configuration list for PBXNativeTarget "GettingAttention" */;
			buildPhases = (
				32F526BA1AF8F65C003E3D76 /* Sources */,
				32F526BB1AF8F65C003E3D76 /* Frameworks */,
				32F526BC1AF8F65C003E3D76 /* Resources */,
			);
			buildRules = (
			);
			dependencies = (
			);
			name = GettingAttention;
			productName = GettingAttention;
			productReference = 32F526BE1AF8F65C003E3D76 /* GettingAttention.app */;
			productType = "com.apple.product-type.application";
		};
		32F526D91AF8F65C003E3D76 /* GettingAttentionTests */ = {
			isa = PBXNativeTarget;
			buildConfigurationList = 32F526E71AF8F65C003E3D76 /* Build configuration list for PBXNativeTarget "GettingAttentionTests" */;
			buildPhases = (
				32F526D61AF8F65C003E3D76 /* Sources */,
				32F526D71AF8F65C003E3D76 /* Frameworks */,
				32F526D81AF8F65C003E3D76 /* Resources */,
			);
			buildRules = (
			);
			dependencies = (
				32F526DC1AF8F65C003E3D76 /* PBXTargetDependency */,
			);
			name = GettingAttentionTests;
			productName = GettingAttentionTests;
			productReference = 32F526DA1AF8F65C003E3D76 /* GettingAttentionTests.xctest */;
			productType = "com.apple.product-type.bundle.unit-test";
		};
/* End PBXNativeTarget section */

/* Begin PBXProject section */
		32F526B61AF8F65C003E3D76 /* Project object */ = {
			isa = PBXProject;
			attributes = {
				LastUpgradeCheck = 0630;
				ORGANIZATIONNAME = bruce;
				TargetAttributes = {
					32F526BD1AF8F65C003E3D76 = {
						CreatedOnToolsVersion = 6.3.1;
					};
					32F526D91AF8F65C003E3D76 = {
						CreatedOnToolsVersion = 6.3.1;
						TestTargetID = 32F526BD1AF8F65C003E3D76;
					};
				};
			};
			buildConfigurationList = 32F526B91AF8F65C003E3D76 /* Build configuration list for PBXProject "GettingAttention" */;
			compatibilityVersion = "Xcode 3.2";
			developmentRegion = English;
			hasScannedForEncodings = 0;
			knownRegions = (
				en,
				Base,
			);
			mainGroup = 32F526B51AF8F65C003E3D76;
			productRefGroup = 32F526BF1AF8F65C003E3D76 /* Products */;
			projectDirPath = "";
			projectRoot = "";
			targets = (
				32F526BD1AF8F65C003E3D76 /* GettingAttention */,
				32F526D91AF8F65C003E3D76 /* GettingAttentionTests */,
			);
		};
/* End PBXProject section */

/* Begin PBXResourcesBuildPhase section */
		32F526BC1AF8F65C003E3D76 /* Resources */ = {
			isa = PBXResourcesBuildPhase;
			buildActionMask = 2147483647;
			files = (
				32F526D01AF8F65C003E3D76 /* Main.storyboard in Resources */,
				32F526D51AF8F65C003E3D76 /* LaunchScreen.xib in Resources */,
				32F526EB1AF8F67C003E3D76 /* Sounds in Resources */,
				32F526D21AF8F65C003E3D76 /* Images.xcassets in Resources */,
			);
			runOnlyForDeploymentPostprocessing = 0;
		};
		32F526D81AF8F65C003E3D76 /* Resources */ = {
			isa = PBXResourcesBuildPhase;
			buildActionMask = 2147483647;
			files = (
			);
			runOnlyForDeploymentPostprocessing = 0;
		};
/* End PBXResourcesBuildPhase section */

/* Begin PBXSourcesBuildPhase section */
		32F526BA1AF8F65C003E3D76 /* Sources */ = {
			isa = PBXSourcesBuildPhase;
			buildActionMask = 2147483647;
			files = (
				32F526C71AF8F65C003E3D76 /* AppDelegate.m in Sources */,
				32F526CA1AF8F65C003E3D76 /* GettingAttention.xcdatamodeld in Sources */,
				32F526CD1AF8F65C003E3D76 /* ViewController.m in Sources */,
				32F526C41AF8F65C003E3D76 /* main.m in Sources */,
			);
			runOnlyForDeploymentPostprocessing = 0;
		};
		32F526D61AF8F65C003E3D76 /* Sources */ = {
			isa = PBXSourcesBuildPhase;
			buildActionMask = 2147483647;
			files = (
				32F526E11AF8F65C003E3D76 /* GettingAttentionTests.m in Sources */,
			);
			runOnlyForDeploymentPostprocessing = 0;
		};
/* End PBXSourcesBuildPhase section */

/* Begin PBXTargetDependency section */
		32F526DC1AF8F65C003E3D76 /* PBXTargetDependency */ = {
			isa = PBXTargetDependency;
			target = 32F526BD1AF8F65C003E3D76 /* GettingAttention */;
			targetProxy = 32F526DB1AF8F65C003E3D76 /* PBXContainerItemProxy */;
		};
/* End PBXTargetDependency section */

/* Begin PBXVariantGroup section */
		32F526CE1AF8F65C003E3D76 /* Main.storyboard */ = {
			isa = PBXVariantGroup;
			children = (
				32F526CF1AF8F65C003E3D76 /* Base */,
			);
			name = Main.storyboard;
			sourceTree = "<group>";
		};
		32F526D31AF8F65C003E3D76 /* LaunchScreen.xib */ = {
			isa = PBXVariantGroup;
			children = (
				32F526D41AF8F65C003E3D76 /* Base */,
			);
			name = LaunchScreen.xib;
			sourceTree = "<group>";
		};
/* End PBXVariantGroup section */

/* Begin XCBuildConfiguration section */
		32F526E21AF8F65C003E3D76 /* Debug */ = {
			isa = XCBuildConfiguration;
			buildSettings = {
				ALWAYS_SEARCH_USER_PATHS = NO;
				CLANG_CXX_LANGUAGE_STANDARD = "gnu++0x";
				CLANG_CXX_LIBRARY = "libc++";
				CLANG_ENABLE_MODULES = YES;
				CLANG_ENABLE_OBJC_ARC = YES;
				CLANG_WARN_BOOL_CONVERSION = YES;
				CLANG_WARN_CONSTANT_CONVERSION = YES;
				CLANG_WARN_DIRECT_OBJC_ISA_USAGE = YES_ERROR;
				CLANG_WARN_EMPTY_BODY = YES;
				CLANG_WARN_ENUM_CONVERSION = YES;
				CLANG_WARN_INT_CONVERSION = YES;
				CLANG_WARN_OBJC_ROOT_CLASS = YES_ERROR;
				CLANG_WARN_UNREACHABLE_CODE = YES;
				CLANG_WARN__DUPLICATE_METHOD_MATCH = YES;
				"CODE_SIGN_IDENTITY[sdk=iphoneos*]" = "iPhone Developer";
				COPY_PHASE_STRIP = NO;
				DEBUG_INFORMATION_FORMAT = "dwarf-with-dsym";
				ENABLE_STRICT_OBJC_MSGSEND = YES;
				GCC_C_LANGUAGE_STANDARD = gnu99;
				GCC_DYNAMIC_NO_PIC = NO;
				GCC_NO_COMMON_BLOCKS = YES;
				GCC_OPTIMIZATION_LEVEL = 0;
				GCC_PREPROCESSOR_DEFINITIONS = (
					"DEBUG=1",
					"$(inherited)",
				);
				GCC_SYMBOLS_PRIVATE_EXTERN = NO;
				GCC_WARN_64_TO_32_BIT_CONVERSION = YES;
				GCC_WARN_ABOUT_RETURN_TYPE = YES_ERROR;
				GCC_WARN_UNDECLARED_SELECTOR = YES;
				GCC_WARN_UNINITIALIZED_AUTOS = YES_AGGRESSIVE;
				GCC_WARN_UNUSED_FUNCTION = YES;
				GCC_WARN_UNUSED_VARIABLE = YES;
				IPHONEOS_DEPLOYMENT_TARGET = 8.3;
				MTL_ENABLE_DEBUG_INFO = YES;
				ONLY_ACTIVE_ARCH = YES;
				SDKROOT = iphoneos;
			};
			name = Debug;
		};
		32F526E31AF8F65C003E3D76 /* Release */ = {
			isa = XCBuildConfiguration;
			buildSettings = {
				ALWAYS_SEARCH_USER_PATHS = NO;
				CLANG_CXX_LANGUAGE_STANDARD = "gnu++0x";
				CLANG_CXX_LIBRARY = "libc++";
				CLANG_ENABLE_MODULES = YES;
				CLANG_ENABLE_OBJC_ARC = YES;
				CLANG_WARN_BOOL_CONVERSION = YES;
				CLANG_WARN_CONSTANT_CONVERSION = YES;
				CLANG_WARN_DIRECT_OBJC_ISA_USAGE = YES_ERROR;
				CLANG_WARN_EMPTY_BODY = YES;
				CLANG_WARN_ENUM_CONVERSION = YES;
				CLANG_WARN_INT_CONVERSION = YES;
				CLANG_WARN_OBJC_ROOT_CLASS = YES_ERROR;
				CLANG_WARN_UNREACHABLE_CODE = YES;
				CLANG_WARN__DUPLICATE_METHOD_MATCH = YES;
				"CODE_SIGN_IDENTITY[sdk=iphoneos*]" = "iPhone Developer";
				COPY_PHASE_STRIP = NO;
				DEBUG_INFORMATION_FORMAT = "dwarf-with-dsym";
				ENABLE_NS_ASSERTIONS = NO;
				ENABLE_STRICT_OBJC_MSGSEND = YES;
				GCC_C_LANGUAGE_STANDARD = gnu99;
				GCC_NO_COMMON_BLOCKS = YES;
				GCC_WARN_64_TO_32_BIT_CONVERSION = YES;
				GCC_WARN_ABOUT_RETURN_TYPE = YES_ERROR;
				GCC_WARN_UNDECLARED_SELECTOR = YES;
				GCC_WARN_UNINITIALIZED_AUTOS = YES_AGGRESSIVE;
				GCC_WARN_UNUSED_FUNCTION = YES;
				GCC_WARN_UNUSED_VARIABLE = YES;
				IPHONEOS_DEPLOYMENT_TARGET = 8.3;
				MTL_ENABLE_DEBUG_INFO = NO;
				SDKROOT = iphoneos;
				VALIDATE_PRODUCT = YES;
			};
			name = Release;
		};
		32F526E51AF8F65C003E3D76 /* Debug */ = {
			isa = XCBuildConfiguration;
			buildSettings = {
				ASSETCATALOG_COMPILER_APPICON_NAME = AppIcon;
				INFOPLIST_FILE = GettingAttention/Info.plist;
				LD_RUNPATH_SEARCH_PATHS = "$(inherited) @executable_path/Frameworks";
				PRODUCT_NAME = "$(TARGET_NAME)";
			};
			name = Debug;
		};
		32F526E61AF8F65C003E3D76 /* Release */ = {
			isa = XCBuildConfiguration;
			buildSettings = {
				ASSETCATALOG_COMPILER_APPICON_NAME = AppIcon;
				INFOPLIST_FILE = GettingAttention/Info.plist;
				LD_RUNPATH_SEARCH_PATHS = "$(inherited) @executable_path/Frameworks";
				PRODUCT_NAME = "$(TARGET_NAME)";
			};
			name = Release;
		};
		32F526E81AF8F65C003E3D76 /* Debug */ = {
			isa = XCBuildConfiguration;
			buildSettings = {
				BUNDLE_LOADER = "$(TEST_HOST)";
				FRAMEWORK_SEARCH_PATHS = (
					"$(SDKROOT)/Developer/Library/Frameworks",
					"$(inherited)",
				);
				GCC_PREPROCESSOR_DEFINITIONS = (
					"DEBUG=1",
					"$(inherited)",
				);
				INFOPLIST_FILE = GettingAttentionTests/Info.plist;
				LD_RUNPATH_SEARCH_PATHS = "$(inherited) @executable_path/Frameworks @loader_path/Frameworks";
				PRODUCT_NAME = "$(TARGET_NAME)";
				TEST_HOST = "$(BUILT_PRODUCTS_DIR)/GettingAttention.app/GettingAttention";
			};
			name = Debug;
		};
		32F526E91AF8F65C003E3D76 /* Release */ = {
			isa = XCBuildConfiguration;
			buildSettings = {
				BUNDLE_LOADER = "$(TEST_HOST)";
				FRAMEWORK_SEARCH_PATHS = (
					"$(SDKROOT)/Developer/Library/Frameworks",
					"$(inherited)",
				);
				INFOPLIST_FILE = GettingAttentionTests/Info.plist;
				LD_RUNPATH_SEARCH_PATHS = "$(inherited) @executable_path/Frameworks @loader_path/Frameworks";
				PRODUCT_NAME = "$(TARGET_NAME)";
				TEST_HOST = "$(BUILT_PRODUCTS_DIR)/GettingAttention.app/GettingAttention";
			};
			name = Release;
		};
/* End XCBuildConfiguration section */

/* Begin XCConfigurationList section */
		32F526B91AF8F65C003E3D76 /* Build configuration list for PBXProject "GettingAttention" */ = {
			isa = XCConfigurationList;
			buildConfigurations = (
				32F526E21AF8F65C003E3D76 /* Debug */,
				32F526E31AF8F65C003E3D76 /* Release */,
			);
			defaultConfigurationIsVisible = 0;
			defaultConfigurationName = Release;
		};
		32F526E41AF8F65C003E3D76 /* Build configuration list for PBXNativeTarget "GettingAttention" */ = {
			isa = XCConfigurationList;
			buildConfigurations = (
				32F526E51AF8F65C003E3D76 /* Debug */,
				32F526E61AF8F65C003E3D76 /* Release */,
			);
			defaultConfigurationIsVisible = 0;
		};
		32F526E71AF8F65C003E3D76 /* Build configuration list for PBXNativeTarget "GettingAttentionTests" */ = {
			isa = XCConfigurationList;
			buildConfigurations = (
				32F526E81AF8F65C003E3D76 /* Debug */,
				32F526E91AF8F65C003E3D76 /* Release */,
			);
			defaultConfigurationIsVisible = 0;
		};
/* End XCConfigurationList section */

/* Begin XCVersionGroup section */
		32F526C81AF8F65C003E3D76 /* GettingAttention.xcdatamodeld */ = {
			isa = XCVersionGroup;
			children = (
				32F526C91AF8F65C003E3D76 /* GettingAttention.xcdatamodel */,
			);
			currentVersion = 32F526C91AF8F65C003E3D76 /* GettingAttention.xcdatamodel */;
			path = GettingAttention.xcdatamodeld;
			sourceTree = "<group>";
			versionGroupType = wrapper.xcdatamodel;
		};
/* End XCVersionGroup section */
	};
	rootObject = 32F526B61AF8F65C003E3D76 /* Project object */;
}
