// !$*UTF8*$!
{
	archiveVersion = 1;
	classes = {
	};
	objectVersion = 46;
	objects = {

/* Begin PBXBuildFile section */
		32802C6E1ACA238D009FEDC4 /* main.m in Sources */ = {isa = PBXBuildFile; fileRef = 32802C6D1ACA238D009FEDC4 /* main.m */; };
		32802C711ACA238D009FEDC4 /* AppDelegate.m in Sources */ = {isa = PBXBuildFile; fileRef = 32802C701ACA238D009FEDC4 /* AppDelegate.m */; };
		32802C741ACA238D009FEDC4 /* viewController.xcdatamodeld in Sources */ = {isa = PBXBuildFile; fileRef = 32802C721ACA238D009FEDC4 /* viewController.xcdatamodeld */; };
		32802C771ACA238D009FEDC4 /* AttributeViewController.m in Sources */ = {isa = PBXBuildFile; fileRef = 32802C761ACA238D009FEDC4 /* AttributeViewController.m */; };
		32802C7A1ACA238D009FEDC4 /* Main.storyboard in Resources */ = {isa = PBXBuildFile; fileRef = 32802C781ACA238D009FEDC4 /* Main.storyboard */; };
		32802C7C1ACA238D009FEDC4 /* Images.xcassets in Resources */ = {isa = PBXBuildFile; fileRef = 32802C7B1ACA238D009FEDC4 /* Images.xcassets */; };
		32802C7F1ACA238D009FEDC4 /* LaunchScreen.xib in Resources */ = {isa = PBXBuildFile; fileRef = 32802C7D1ACA238D009FEDC4 /* LaunchScreen.xib */; };
		32802C8B1ACA238D009FEDC4 /* viewControllerTests.m in Sources */ = {isa = PBXBuildFile; fileRef = 32802C8A1ACA238D009FEDC4 /* viewControllerTests.m */; };
		32D600341ACCCA2D0028CB0A /* textAnalyzeViewController.m in Sources */ = {isa = PBXBuildFile; fileRef = 32D600331ACCCA2D0028CB0A /* textAnalyzeViewController.m */; };
/* End PBXBuildFile section */

/* Begin PBXContainerItemProxy section */
		32802C851ACA238D009FEDC4 /* PBXContainerItemProxy */ = {
			isa = PBXContainerItemProxy;
			containerPortal = 32802C601ACA238D009FEDC4 /* Project object */;
			proxyType = 1;
			remoteGlobalIDString = 32802C671ACA238D009FEDC4;
			remoteInfo = viewController;
		};
/* End PBXContainerItemProxy section */

/* Begin PBXFileReference section */
		32802C681ACA238D009FEDC4 /* viewController.app */ = {isa = PBXFileReference; explicitFileType = wrapper.application; includeInIndex = 0; path = viewController.app; sourceTree = BUILT_PRODUCTS_DIR; };
		32802C6C1ACA238D009FEDC4 /* Info.plist */ = {isa = PBXFileReference; lastKnownFileType = text.plist.xml; path = Info.plist; sourceTree = "<group>"; };
		32802C6D1ACA238D009FEDC4 /* main.m */ = {isa = PBXFileReference; lastKnownFileType = sourcecode.c.objc; path = main.m; sourceTree = "<group>"; };
		32802C6F1ACA238D009FEDC4 /* AppDelegate.h */ = {isa = PBXFileReference; lastKnownFileType = sourcecode.c.h; path = AppDelegate.h; sourceTree = "<group>"; };
		32802C701ACA238D009FEDC4 /* AppDelegate.m */ = {isa = PBXFileReference; lastKnownFileType = sourcecode.c.objc; path = AppDelegate.m; sourceTree = "<group>"; };
		32802C731ACA238D009FEDC4 /* viewController.xcdatamodel */ = {isa = PBXFileReference; lastKnownFileType = wrapper.xcdatamodel; path = viewController.xcdatamodel; sourceTree = "<group>"; };
		32802C751ACA238D009FEDC4 /* AttributeViewController.h */ = {isa = PBXFileReference; lastKnownFileType = sourcecode.c.h; path = AttributeViewController.h; sourceTree = "<group>"; };
		32802C761ACA238D009FEDC4 /* AttributeViewController.m */ = {isa = PBXFileReference; lastKnownFileType = sourcecode.c.objc; path = AttributeViewController.m; sourceTree = "<group>"; };
		32802C791ACA238D009FEDC4 /* Base */ = {isa = PBXFileReference; lastKnownFileType = file.storyboard; name = Base; path = Base.lproj/Main.storyboard; sourceTree = "<group>"; };
		32802C7B1ACA238D009FEDC4 /* Images.xcassets */ = {isa = PBXFileReference; lastKnownFileType = folder.assetcatalog; path = Images.xcassets; sourceTree = "<group>"; };
		32802C7E1ACA238D009FEDC4 /* Base */ = {isa = PBXFileReference; lastKnownFileType = file.xib; name = Base; path = Base.lproj/LaunchScreen.xib; sourceTree = "<group>"; };
		32802C841ACA238D009FEDC4 /* viewControllerTests.xctest */ = {isa = PBXFileReference; explicitFileType = wrapper.cfbundle; includeInIndex = 0; path = viewControllerTests.xctest; sourceTree = BUILT_PRODUCTS_DIR; };
		32802C891ACA238D009FEDC4 /* Info.plist */ = {isa = PBXFileReference; lastKnownFileType = text.plist.xml; path = Info.plist; sourceTree = "<group>"; };
		32802C8A1ACA238D009FEDC4 /* viewControllerTests.m */ = {isa = PBXFileReference; lastKnownFileType = sourcecode.c.objc; path = viewControllerTests.m; sourceTree = "<group>"; };
		32D600321ACCCA2D0028CB0A /* textAnalyzeViewController.h */ = {isa = PBXFileReference; fileEncoding = 4; lastKnownFileType = sourcecode.c.h; path = textAnalyzeViewController.h; sourceTree = "<group>"; };
		32D600331ACCCA2D0028CB0A /* textAnalyzeViewController.m */ = {isa = PBXFileReference; fileEncoding = 4; lastKnownFileType = sourcecode.c.objc; path = textAnalyzeViewController.m; sourceTree = "<group>"; };
/* End PBXFileReference section */

/* Begin PBXFrameworksBuildPhase section */
		32802C651ACA238D009FEDC4 /* Frameworks */ = {
			isa = PBXFrameworksBuildPhase;
			buildActionMask = 2147483647;
			files = (
			);
			runOnlyForDeploymentPostprocessing = 0;
		};
		32802C811ACA238D009FEDC4 /* Frameworks */ = {
			isa = PBXFrameworksBuildPhase;
			buildActionMask = 2147483647;
			files = (
			);
			runOnlyForDeploymentPostprocessing = 0;
		};
/* End PBXFrameworksBuildPhase section */

/* Begin PBXGroup section */
		32802C5F1ACA238D009FEDC4 = {
			isa = PBXGroup;
			children = (
				32802C6A1ACA238D009FEDC4 /* viewController */,
				32802C871ACA238D009FEDC4 /* viewControllerTests */,
				32802C691ACA238D009FEDC4 /* Products */,
			);
			sourceTree = "<group>";
		};
		32802C691ACA238D009FEDC4 /* Products */ = {
			isa = PBXGroup;
			children = (
				32802C681ACA238D009FEDC4 /* viewController.app */,
				32802C841ACA238D009FEDC4 /* viewControllerTests.xctest */,
			);
			name = Products;
			sourceTree = "<group>";
		};
		32802C6A1ACA238D009FEDC4 /* viewController */ = {
			isa = PBXGroup;
			children = (
				32802C751ACA238D009FEDC4 /* AttributeViewController.h */,
				32802C761ACA238D009FEDC4 /* AttributeViewController.m */,
				32802C781ACA238D009FEDC4 /* Main.storyboard */,
				32D600321ACCCA2D0028CB0A /* textAnalyzeViewController.h */,
				32D600331ACCCA2D0028CB0A /* textAnalyzeViewController.m */,
				32802C7B1ACA238D009FEDC4 /* Images.xcassets */,
				32802C7D1ACA238D009FEDC4 /* LaunchScreen.xib */,
				32802C721ACA238D009FEDC4 /* viewController.xcdatamodeld */,
				32802C6B1ACA238D009FEDC4 /* Supporting Files */,
			);
			path = viewController;
			sourceTree = "<group>";
		};
		32802C6B1ACA238D009FEDC4 /* Supporting Files */ = {
			isa = PBXGroup;
			children = (
				32802C6F1ACA238D009FEDC4 /* AppDelegate.h */,
				32802C701ACA238D009FEDC4 /* AppDelegate.m */,
				32802C6C1ACA238D009FEDC4 /* Info.plist */,
				32802C6D1ACA238D009FEDC4 /* main.m */,
			);
			name = "Supporting Files";
			sourceTree = "<group>";
		};
		32802C871ACA238D009FEDC4 /* viewControllerTests */ = {
			isa = PBXGroup;
			children = (
				32802C8A1ACA238D009FEDC4 /* viewControllerTests.m */,
				32802C881ACA238D009FEDC4 /* Supporting Files */,
			);
			path = viewControllerTests;
			sourceTree = "<group>";
		};
		32802C881ACA238D009FEDC4 /* Supporting Files */ = {
			isa = PBXGroup;
			children = (
				32802C891ACA238D009FEDC4 /* Info.plist */,
			);
			name = "Supporting Files";
			sourceTree = "<group>";
		};
/* End PBXGroup section */

/* Begin PBXNativeTarget section */
		32802C671ACA238D009FEDC4 /* viewController */ = {
			isa = PBXNativeTarget;
			buildConfigurationList = 32802C8E1ACA238D009FEDC4 /* Build configuration list for PBXNativeTarget "viewController" */;
			buildPhases = (
				32802C641ACA238D009FEDC4 /* Sources */,
				32802C651ACA238D009FEDC4 /* Frameworks */,
				32802C661ACA238D009FEDC4 /* Resources */,
			);
			buildRules = (
			);
			dependencies = (
			);
			name = viewController;
			productName = viewController;
			productReference = 32802C681ACA238D009FEDC4 /* viewController.app */;
			productType = "com.apple.product-type.application";
		};
		32802C831ACA238D009FEDC4 /* viewControllerTests */ = {
			isa = PBXNativeTarget;
			buildConfigurationList = 32802C911ACA238D009FEDC4 /* Build configuration list for PBXNativeTarget "viewControllerTests" */;
			buildPhases = (
				32802C801ACA238D009FEDC4 /* Sources */,
				32802C811ACA238D009FEDC4 /* Frameworks */,
				32802C821ACA238D009FEDC4 /* Resources */,
			);
			buildRules = (
			);
			dependencies = (
				32802C861ACA238D009FEDC4 /* PBXTargetDependency */,
			);
			name = viewControllerTests;
			productName = viewControllerTests;
			productReference = 32802C841ACA238D009FEDC4 /* viewControllerTests.xctest */;
			productType = "com.apple.product-type.bundle.unit-test";
		};
/* End PBXNativeTarget section */

/* Begin PBXProject section */
		32802C601ACA238D009FEDC4 /* Project object */ = {
			isa = PBXProject;
			attributes = {
				LastUpgradeCheck = 0620;
				ORGANIZATIONNAME = bruce;
				TargetAttributes = {
					32802C671ACA238D009FEDC4 = {
						CreatedOnToolsVersion = 6.2;
					};
					32802C831ACA238D009FEDC4 = {
						CreatedOnToolsVersion = 6.2;
						TestTargetID = 32802C671ACA238D009FEDC4;
					};
				};
			};
			buildConfigurationList = 32802C631ACA238D009FEDC4 /* Build configuration list for PBXProject "viewController" */;
			compatibilityVersion = "Xcode 3.2";
			developmentRegion = English;
			hasScannedForEncodings = 0;
			knownRegions = (
				en,
				Base,
			);
			mainGroup = 32802C5F1ACA238D009FEDC4;
			productRefGroup = 32802C691ACA238D009FEDC4 /* Products */;
			projectDirPath = "";
			projectRoot = "";
			targets = (
				32802C671ACA238D009FEDC4 /* viewController */,
				32802C831ACA238D009FEDC4 /* viewControllerTests */,
			);
		};
/* End PBXProject section */

/* Begin PBXResourcesBuildPhase section */
		32802C661ACA238D009FEDC4 /* Resources */ = {
			isa = PBXResourcesBuildPhase;
			buildActionMask = 2147483647;
			files = (
				32802C7A1ACA238D009FEDC4 /* Main.storyboard in Resources */,
				32802C7F1ACA238D009FEDC4 /* LaunchScreen.xib in Resources */,
				32802C7C1ACA238D009FEDC4 /* Images.xcassets in Resources */,
			);
			runOnlyForDeploymentPostprocessing = 0;
		};
		32802C821ACA238D009FEDC4 /* Resources */ = {
			isa = PBXResourcesBuildPhase;
			buildActionMask = 2147483647;
			files = (
			);
			runOnlyForDeploymentPostprocessing = 0;
		};
/* End PBXResourcesBuildPhase section */

/* Begin PBXSourcesBuildPhase section */
		32802C641ACA238D009FEDC4 /* Sources */ = {
			isa = PBXSourcesBuildPhase;
			buildActionMask = 2147483647;
			files = (
				32802C711ACA238D009FEDC4 /* AppDelegate.m in Sources */,
				32802C741ACA238D009FEDC4 /* viewController.xcdatamodeld in Sources */,
				32802C771ACA238D009FEDC4 /* AttributeViewController.m in Sources */,
				32D600341ACCCA2D0028CB0A /* textAnalyzeViewController.m in Sources */,
				32802C6E1ACA238D009FEDC4 /* main.m in Sources */,
			);
			runOnlyForDeploymentPostprocessing = 0;
		};
		32802C801ACA238D009FEDC4 /* Sources */ = {
			isa = PBXSourcesBuildPhase;
			buildActionMask = 2147483647;
			files = (
				32802C8B1ACA238D009FEDC4 /* viewControllerTests.m in Sources */,
			);
			runOnlyForDeploymentPostprocessing = 0;
		};
/* End PBXSourcesBuildPhase section */

/* Begin PBXTargetDependency section */
		32802C861ACA238D009FEDC4 /* PBXTargetDependency */ = {
			isa = PBXTargetDependency;
			target = 32802C671ACA238D009FEDC4 /* viewController */;
			targetProxy = 32802C851ACA238D009FEDC4 /* PBXContainerItemProxy */;
		};
/* End PBXTargetDependency section */

/* Begin PBXVariantGroup section */
		32802C781ACA238D009FEDC4 /* Main.storyboard */ = {
			isa = PBXVariantGroup;
			children = (
				32802C791ACA238D009FEDC4 /* Base */,
			);
			name = Main.storyboard;
			sourceTree = "<group>";
		};
		32802C7D1ACA238D009FEDC4 /* LaunchScreen.xib */ = {
			isa = PBXVariantGroup;
			children = (
				32802C7E1ACA238D009FEDC4 /* Base */,
			);
			name = LaunchScreen.xib;
			sourceTree = "<group>";
		};
/* End PBXVariantGroup section */

/* Begin XCBuildConfiguration section */
		32802C8C1ACA238D009FEDC4 /* Debug */ = {
			isa = XCBuildConfiguration;
			buildSettings = {
				ALWAYS_SEARCH_USER_PATHS = NO;
				CLANG_CXX_LANGUAGE_STANDARD = "gnu++0x";
				CLANG_CXX_LIBRARY = "libc++";
				CLANG_ENABLE_MODULES = YES;
				CLANG_ENABLE_OBJC_ARC = YES;
				CLANG_WARN_BOOL_CONVERSION = YES;
				CLANG_WARN_CONSTANT_CONVERSION = YES;
				CLANG_WARN_DIRECT_OBJC_ISA_USAGE = YES_ERROR;
				CLANG_WARN_EMPTY_BODY = YES;
				CLANG_WARN_ENUM_CONVERSION = YES;
				CLANG_WARN_INT_CONVERSION = YES;
				CLANG_WARN_OBJC_ROOT_CLASS = YES_ERROR;
				CLANG_WARN_UNREACHABLE_CODE = YES;
				CLANG_WARN__DUPLICATE_METHOD_MATCH = YES;
				"CODE_SIGN_IDENTITY[sdk=iphoneos*]" = "iPhone Developer";
				COPY_PHASE_STRIP = NO;
				ENABLE_STRICT_OBJC_MSGSEND = YES;
				GCC_C_LANGUAGE_STANDARD = gnu99;
				GCC_DYNAMIC_NO_PIC = NO;
				GCC_OPTIMIZATION_LEVEL = 0;
				GCC_PREPROCESSOR_DEFINITIONS = (
					"DEBUG=1",
					"$(inherited)",
				);
				GCC_SYMBOLS_PRIVATE_EXTERN = NO;
				GCC_WARN_64_TO_32_BIT_CONVERSION = YES;
				GCC_WARN_ABOUT_RETURN_TYPE = YES_ERROR;
				GCC_WARN_UNDECLARED_SELECTOR = YES;
				GCC_WARN_UNINITIALIZED_AUTOS = YES_AGGRESSIVE;
				GCC_WARN_UNUSED_FUNCTION = YES;
				GCC_WARN_UNUSED_VARIABLE = YES;
				IPHONEOS_DEPLOYMENT_TARGET = 8.2;
				MTL_ENABLE_DEBUG_INFO = YES;
				ONLY_ACTIVE_ARCH = YES;
				SDKROOT = iphoneos;
			};
			name = Debug;
		};
		32802C8D1ACA238D009FEDC4 /* Release */ = {
			isa = XCBuildConfiguration;
			buildSettings = {
				ALWAYS_SEARCH_USER_PATHS = NO;
				CLANG_CXX_LANGUAGE_STANDARD = "gnu++0x";
				CLANG_CXX_LIBRARY = "libc++";
				CLANG_ENABLE_MODULES = YES;
				CLANG_ENABLE_OBJC_ARC = YES;
				CLANG_WARN_BOOL_CONVERSION = YES;
				CLANG_WARN_CONSTANT_CONVERSION = YES;
				CLANG_WARN_DIRECT_OBJC_ISA_USAGE = YES_ERROR;
				CLANG_WARN_EMPTY_BODY = YES;
				CLANG_WARN_ENUM_CONVERSION = YES;
				CLANG_WARN_INT_CONVERSION = YES;
				CLANG_WARN_OBJC_ROOT_CLASS = YES_ERROR;
				CLANG_WARN_UNREACHABLE_CODE = YES;
				CLANG_WARN__DUPLICATE_METHOD_MATCH = YES;
				"CODE_SIGN_IDENTITY[sdk=iphoneos*]" = "iPhone Developer";
				COPY_PHASE_STRIP = NO;
				ENABLE_NS_ASSERTIONS = NO;
				ENABLE_STRICT_OBJC_MSGSEND = YES;
				GCC_C_LANGUAGE_STANDARD = gnu99;
				GCC_WARN_64_TO_32_BIT_CONVERSION = YES;
				GCC_WARN_ABOUT_RETURN_TYPE = YES_ERROR;
				GCC_WARN_UNDECLARED_SELECTOR = YES;
				GCC_WARN_UNINITIALIZED_AUTOS = YES_AGGRESSIVE;
				GCC_WARN_UNUSED_FUNCTION = YES;
				GCC_WARN_UNUSED_VARIABLE = YES;
				IPHONEOS_DEPLOYMENT_TARGET = 8.2;
				MTL_ENABLE_DEBUG_INFO = NO;
				SDKROOT = iphoneos;
				VALIDATE_PRODUCT = YES;
			};
			name = Release;
		};
		32802C8F1ACA238D009FEDC4 /* Debug */ = {
			isa = XCBuildConfiguration;
			buildSettings = {
				ASSETCATALOG_COMPILER_APPICON_NAME = AppIcon;
				INFOPLIST_FILE = viewController/Info.plist;
				LD_RUNPATH_SEARCH_PATHS = "$(inherited) @executable_path/Frameworks";
				PRODUCT_NAME = "$(TARGET_NAME)";
			};
			name = Debug;
		};
		32802C901ACA238D009FEDC4 /* Release */ = {
			isa = XCBuildConfiguration;
			buildSettings = {
				ASSETCATALOG_COMPILER_APPICON_NAME = AppIcon;
				INFOPLIST_FILE = viewController/Info.plist;
				LD_RUNPATH_SEARCH_PATHS = "$(inherited) @executable_path/Frameworks";
				PRODUCT_NAME = "$(TARGET_NAME)";
			};
			name = Release;
		};
		32802C921ACA238D009FEDC4 /* Debug */ = {
			isa = XCBuildConfiguration;
			buildSettings = {
				BUNDLE_LOADER = "$(TEST_HOST)";
				FRAMEWORK_SEARCH_PATHS = (
					"$(SDKROOT)/Developer/Library/Frameworks",
					"$(inherited)",
				);
				GCC_PREPROCESSOR_DEFINITIONS = (
					"DEBUG=1",
					"$(inherited)",
				);
				INFOPLIST_FILE = viewControllerTests/Info.plist;
				LD_RUNPATH_SEARCH_PATHS = "$(inherited) @executable_path/Frameworks @loader_path/Frameworks";
				PRODUCT_NAME = "$(TARGET_NAME)";
				TEST_HOST = "$(BUILT_PRODUCTS_DIR)/viewController.app/viewController";
			};
			name = Debug;
		};
		32802C931ACA238D009FEDC4 /* Release */ = {
			isa = XCBuildConfiguration;
			buildSettings = {
				BUNDLE_LOADER = "$(TEST_HOST)";
				FRAMEWORK_SEARCH_PATHS = (
					"$(SDKROOT)/Developer/Library/Frameworks",
					"$(inherited)",
				);
				INFOPLIST_FILE = viewControllerTests/Info.plist;
				LD_RUNPATH_SEARCH_PATHS = "$(inherited) @executable_path/Frameworks @loader_path/Frameworks";
				PRODUCT_NAME = "$(TARGET_NAME)";
				TEST_HOST = "$(BUILT_PRODUCTS_DIR)/viewController.app/viewController";
			};
			name = Release;
		};
/* End XCBuildConfiguration section */

/* Begin XCConfigurationList section */
		32802C631ACA238D009FEDC4 /* Build configuration list for PBXProject "viewController" */ = {
			isa = XCConfigurationList;
			buildConfigurations = (
				32802C8C1ACA238D009FEDC4 /* Debug */,
				32802C8D1ACA238D009FEDC4 /* Release */,
			);
			defaultConfigurationIsVisible = 0;
			defaultConfigurationName = Release;
		};
		32802C8E1ACA238D009FEDC4 /* Build configuration list for PBXNativeTarget "viewController" */ = {
			isa = XCConfigurationList;
			buildConfigurations = (
				32802C8F1ACA238D009FEDC4 /* Debug */,
				32802C901ACA238D009FEDC4 /* Release */,
			);
			defaultConfigurationIsVisible = 0;
			defaultConfigurationName = Release;
		};
		32802C911ACA238D009FEDC4 /* Build configuration list for PBXNativeTarget "viewControllerTests" */ = {
			isa = XCConfigurationList;
			buildConfigurations = (
				32802C921ACA238D009FEDC4 /* Debug */,
				32802C931ACA238D009FEDC4 /* Release */,
			);
			defaultConfigurationIsVisible = 0;
			defaultConfigurationName = Release;
		};
/* End XCConfigurationList section */

/* Begin XCVersionGroup section */
		32802C721ACA238D009FEDC4 /* viewController.xcdatamodeld */ = {
			isa = XCVersionGroup;
			children = (
				32802C731ACA238D009FEDC4 /* viewController.xcdatamodel */,
			);
			currentVersion = 32802C731ACA238D009FEDC4 /* viewController.xcdatamodel */;
			path = viewController.xcdatamodeld;
			sourceTree = "<group>";
			versionGroupType = wrapper.xcdatamodel;
		};
/* End XCVersionGroup section */
	};
	rootObject = 32802C601ACA238D009FEDC4 /* Project object */;
}
