// !$*UTF8*$!
{
	archiveVersion = 1;
	classes = {
	};
	objectVersion = 46;
	objects = {

/* Begin PBXBuildFile section */
		32F526571AF6249D003E3D76 /* main.m in Sources */ = {isa = PBXBuildFile; fileRef = 32F526561AF6249D003E3D76 /* main.m */; };
		32F5265A1AF6249D003E3D76 /* AppDelegate.m in Sources */ = {isa = PBXBuildFile; fileRef = 32F526591AF6249D003E3D76 /* AppDelegate.m */; };
		32F5265D1AF6249D003E3D76 /* FlowerWeb.xcdatamodeld in Sources */ = {isa = PBXBuildFile; fileRef = 32F5265B1AF6249D003E3D76 /* FlowerWeb.xcdatamodeld */; };
		32F526601AF6249D003E3D76 /* ViewController.m in Sources */ = {isa = PBXBuildFile; fileRef = 32F5265F1AF6249D003E3D76 /* ViewController.m */; };
		32F526631AF6249D003E3D76 /* Main.storyboard in Resources */ = {isa = PBXBuildFile; fileRef = 32F526611AF6249D003E3D76 /* Main.storyboard */; };
		32F526651AF6249D003E3D76 /* Images.xcassets in Resources */ = {isa = PBXBuildFile; fileRef = 32F526641AF6249D003E3D76 /* Images.xcassets */; };
		32F526681AF6249D003E3D76 /* LaunchScreen.xib in Resources */ = {isa = PBXBuildFile; fileRef = 32F526661AF6249D003E3D76 /* LaunchScreen.xib */; };
		32F526741AF6249D003E3D76 /* FlowerWebTests.m in Sources */ = {isa = PBXBuildFile; fileRef = 32F526731AF6249D003E3D76 /* FlowerWebTests.m */; };
		32F5267F1AF83DD4003E3D76 /* JCRBlurView.m in Sources */ = {isa = PBXBuildFile; fileRef = 32F5267E1AF83DD4003E3D76 /* JCRBlurView.m */; };
/* End PBXBuildFile section */

/* Begin PBXContainerItemProxy section */
		32F5266E1AF6249D003E3D76 /* PBXContainerItemProxy */ = {
			isa = PBXContainerItemProxy;
			containerPortal = 32F526491AF6249D003E3D76 /* Project object */;
			proxyType = 1;
			remoteGlobalIDString = 32F526501AF6249D003E3D76;
			remoteInfo = FlowerWeb;
		};
/* End PBXContainerItemProxy section */

/* Begin PBXFileReference section */
		32F526511AF6249D003E3D76 /* FlowerWeb.app */ = {isa = PBXFileReference; explicitFileType = wrapper.application; includeInIndex = 0; path = FlowerWeb.app; sourceTree = BUILT_PRODUCTS_DIR; };
		32F526551AF6249D003E3D76 /* Info.plist */ = {isa = PBXFileReference; lastKnownFileType = text.plist.xml; path = Info.plist; sourceTree = "<group>"; };
		32F526561AF6249D003E3D76 /* main.m */ = {isa = PBXFileReference; lastKnownFileType = sourcecode.c.objc; path = main.m; sourceTree = "<group>"; };
		32F526581AF6249D003E3D76 /* AppDelegate.h */ = {isa = PBXFileReference; lastKnownFileType = sourcecode.c.h; path = AppDelegate.h; sourceTree = "<group>"; };
		32F526591AF6249D003E3D76 /* AppDelegate.m */ = {isa = PBXFileReference; lastKnownFileType = sourcecode.c.objc; path = AppDelegate.m; sourceTree = "<group>"; };
		32F5265C1AF6249D003E3D76 /* FlowerWeb.xcdatamodel */ = {isa = PBXFileReference; lastKnownFileType = wrapper.xcdatamodel; path = FlowerWeb.xcdatamodel; sourceTree = "<group>"; };
		32F5265E1AF6249D003E3D76 /* ViewController.h */ = {isa = PBXFileReference; lastKnownFileType = sourcecode.c.h; path = ViewController.h; sourceTree = "<group>"; };
		32F5265F1AF6249D003E3D76 /* ViewController.m */ = {isa = PBXFileReference; lastKnownFileType = sourcecode.c.objc; path = ViewController.m; sourceTree = "<group>"; };
		32F526621AF6249D003E3D76 /* Base */ = {isa = PBXFileReference; lastKnownFileType = file.storyboard; name = Base; path = Base.lproj/Main.storyboard; sourceTree = "<group>"; };
		32F526641AF6249D003E3D76 /* Images.xcassets */ = {isa = PBXFileReference; lastKnownFileType = folder.assetcatalog; path = Images.xcassets; sourceTree = "<group>"; };
		32F526671AF6249D003E3D76 /* Base */ = {isa = PBXFileReference; lastKnownFileType = file.xib; name = Base; path = Base.lproj/LaunchScreen.xib; sourceTree = "<group>"; };
		32F5266D1AF6249D003E3D76 /* FlowerWebTests.xctest */ = {isa = PBXFileReference; explicitFileType = wrapper.cfbundle; includeInIndex = 0; path = FlowerWebTests.xctest; sourceTree = BUILT_PRODUCTS_DIR; };
		32F526721AF6249D003E3D76 /* Info.plist */ = {isa = PBXFileReference; lastKnownFileType = text.plist.xml; path = Info.plist; sourceTree = "<group>"; };
		32F526731AF6249D003E3D76 /* FlowerWebTests.m */ = {isa = PBXFileReference; lastKnownFileType = sourcecode.c.objc; path = FlowerWebTests.m; sourceTree = "<group>"; };
		32F5267D1AF83DD4003E3D76 /* JCRBlurView.h */ = {isa = PBXFileReference; fileEncoding = 4; lastKnownFileType = sourcecode.c.h; path = JCRBlurView.h; sourceTree = "<group>"; };
		32F5267E1AF83DD4003E3D76 /* JCRBlurView.m */ = {isa = PBXFileReference; fileEncoding = 4; lastKnownFileType = sourcecode.c.objc; path = JCRBlurView.m; sourceTree = "<group>"; };
/* End PBXFileReference section */

/* Begin PBXFrameworksBuildPhase section */
		32F5264E1AF6249D003E3D76 /* Frameworks */ = {
			isa = PBXFrameworksBuildPhase;
			buildActionMask = 2147483647;
			files = (
			);
			runOnlyForDeploymentPostprocessing = 0;
		};
		32F5266A1AF6249D003E3D76 /* Frameworks */ = {
			isa = PBXFrameworksBuildPhase;
			buildActionMask = 2147483647;
			files = (
			);
			runOnlyForDeploymentPostprocessing = 0;
		};
/* End PBXFrameworksBuildPhase section */

/* Begin PBXGroup section */
		32F526481AF6249D003E3D76 = {
			isa = PBXGroup;
			children = (
				32F526531AF6249D003E3D76 /* FlowerWeb */,
				32F526701AF6249D003E3D76 /* FlowerWebTests */,
				32F526521AF6249D003E3D76 /* Products */,
			);
			sourceTree = "<group>";
		};
		32F526521AF6249D003E3D76 /* Products */ = {
			isa = PBXGroup;
			children = (
				32F526511AF6249D003E3D76 /* FlowerWeb.app */,
				32F5266D1AF6249D003E3D76 /* FlowerWebTests.xctest */,
			);
			name = Products;
			sourceTree = "<group>";
		};
		32F526531AF6249D003E3D76 /* FlowerWeb */ = {
			isa = PBXGroup;
			children = (
				32F5265E1AF6249D003E3D76 /* ViewController.h */,
				32F5265F1AF6249D003E3D76 /* ViewController.m */,
				32F526611AF6249D003E3D76 /* Main.storyboard */,
				32F526641AF6249D003E3D76 /* Images.xcassets */,
				32F526661AF6249D003E3D76 /* LaunchScreen.xib */,
				32F5265B1AF6249D003E3D76 /* FlowerWeb.xcdatamodeld */,
				32F526541AF6249D003E3D76 /* Supporting Files */,
			);
			path = FlowerWeb;
			sourceTree = "<group>";
		};
		32F526541AF6249D003E3D76 /* Supporting Files */ = {
			isa = PBXGroup;
			children = (
				32F5267D1AF83DD4003E3D76 /* JCRBlurView.h */,
				32F5267E1AF83DD4003E3D76 /* JCRBlurView.m */,
				32F526581AF6249D003E3D76 /* AppDelegate.h */,
				32F526591AF6249D003E3D76 /* AppDelegate.m */,
				32F526551AF6249D003E3D76 /* Info.plist */,
				32F526561AF6249D003E3D76 /* main.m */,
			);
			name = "Supporting Files";
			sourceTree = "<group>";
		};
		32F526701AF6249D003E3D76 /* FlowerWebTests */ = {
			isa = PBXGroup;
			children = (
				32F526731AF6249D003E3D76 /* FlowerWebTests.m */,
				32F526711AF6249D003E3D76 /* Supporting Files */,
			);
			path = FlowerWebTests;
			sourceTree = "<group>";
		};
		32F526711AF6249D003E3D76 /* Supporting Files */ = {
			isa = PBXGroup;
			children = (
				32F526721AF6249D003E3D76 /* Info.plist */,
			);
			name = "Supporting Files";
			sourceTree = "<group>";
		};
/* End PBXGroup section */

/* Begin PBXNativeTarget section */
		32F526501AF6249D003E3D76 /* FlowerWeb */ = {
			isa = PBXNativeTarget;
			buildConfigurationList = 32F526771AF6249D003E3D76 /* Build configuration list for PBXNativeTarget "FlowerWeb" */;
			buildPhases = (
				32F5264D1AF6249D003E3D76 /* Sources */,
				32F5264E1AF6249D003E3D76 /* Frameworks */,
				32F5264F1AF6249D003E3D76 /* Resources */,
			);
			buildRules = (
			);
			dependencies = (
			);
			name = FlowerWeb;
			productName = FlowerWeb;
			productReference = 32F526511AF6249D003E3D76 /* FlowerWeb.app */;
			productType = "com.apple.product-type.application";
		};
		32F5266C1AF6249D003E3D76 /* FlowerWebTests */ = {
			isa = PBXNativeTarget;
			buildConfigurationList = 32F5267A1AF6249D003E3D76 /* Build configuration list for PBXNativeTarget "FlowerWebTests" */;
			buildPhases = (
				32F526691AF6249D003E3D76 /* Sources */,
				32F5266A1AF6249D003E3D76 /* Frameworks */,
				32F5266B1AF6249D003E3D76 /* Resources */,
			);
			buildRules = (
			);
			dependencies = (
				32F5266F1AF6249D003E3D76 /* PBXTargetDependency */,
			);
			name = FlowerWebTests;
			productName = FlowerWebTests;
			productReference = 32F5266D1AF6249D003E3D76 /* FlowerWebTests.xctest */;
			productType = "com.apple.product-type.bundle.unit-test";
		};
/* End PBXNativeTarget section */

/* Begin PBXProject section */
		32F526491AF6249D003E3D76 /* Project object */ = {
			isa = PBXProject;
			attributes = {
				LastUpgradeCheck = 0630;
				ORGANIZATIONNAME = bruce;
				TargetAttributes = {
					32F526501AF6249D003E3D76 = {
						CreatedOnToolsVersion = 6.3.1;
					};
					32F5266C1AF6249D003E3D76 = {
						CreatedOnToolsVersion = 6.3.1;
						TestTargetID = 32F526501AF6249D003E3D76;
					};
				};
			};
			buildConfigurationList = 32F5264C1AF6249D003E3D76 /* Build configuration list for PBXProject "FlowerWeb" */;
			compatibilityVersion = "Xcode 3.2";
			developmentRegion = English;
			hasScannedForEncodings = 0;
			knownRegions = (
				en,
				Base,
			);
			mainGroup = 32F526481AF6249D003E3D76;
			productRefGroup = 32F526521AF6249D003E3D76 /* Products */;
			projectDirPath = "";
			projectRoot = "";
			targets = (
				32F526501AF6249D003E3D76 /* FlowerWeb */,
				32F5266C1AF6249D003E3D76 /* FlowerWebTests */,
			);
		};
/* End PBXProject section */

/* Begin PBXResourcesBuildPhase section */
		32F5264F1AF6249D003E3D76 /* Resources */ = {
			isa = PBXResourcesBuildPhase;
			buildActionMask = 2147483647;
			files = (
				32F526631AF6249D003E3D76 /* Main.storyboard in Resources */,
				32F526681AF6249D003E3D76 /* LaunchScreen.xib in Resources */,
				32F526651AF6249D003E3D76 /* Images.xcassets in Resources */,
			);
			runOnlyForDeploymentPostprocessing = 0;
		};
		32F5266B1AF6249D003E3D76 /* Resources */ = {
			isa = PBXResourcesBuildPhase;
			buildActionMask = 2147483647;
			files = (
			);
			runOnlyForDeploymentPostprocessing = 0;
		};
/* End PBXResourcesBuildPhase section */

/* Begin PBXSourcesBuildPhase section */
		32F5264D1AF6249D003E3D76 /* Sources */ = {
			isa = PBXSourcesBuildPhase;
			buildActionMask = 2147483647;
			files = (
				32F5265A1AF6249D003E3D76 /* AppDelegate.m in Sources */,
				32F5265D1AF6249D003E3D76 /* FlowerWeb.xcdatamodeld in Sources */,
				32F526601AF6249D003E3D76 /* ViewController.m in Sources */,
				32F526571AF6249D003E3D76 /* main.m in Sources */,
				32F5267F1AF83DD4003E3D76 /* JCRBlurView.m in Sources */,
			);
			runOnlyForDeploymentPostprocessing = 0;
		};
		32F526691AF6249D003E3D76 /* Sources */ = {
			isa = PBXSourcesBuildPhase;
			buildActionMask = 2147483647;
			files = (
				32F526741AF6249D003E3D76 /* FlowerWebTests.m in Sources */,
			);
			runOnlyForDeploymentPostprocessing = 0;
		};
/* End PBXSourcesBuildPhase section */

/* Begin PBXTargetDependency section */
		32F5266F1AF6249D003E3D76 /* PBXTargetDependency */ = {
			isa = PBXTargetDependency;
			target = 32F526501AF6249D003E3D76 /* FlowerWeb */;
			targetProxy = 32F5266E1AF6249D003E3D76 /* PBXContainerItemProxy */;
		};
/* End PBXTargetDependency section */

/* Begin PBXVariantGroup section */
		32F526611AF6249D003E3D76 /* Main.storyboard */ = {
			isa = PBXVariantGroup;
			children = (
				32F526621AF6249D003E3D76 /* Base */,
			);
			name = Main.storyboard;
			sourceTree = "<group>";
		};
		32F526661AF6249D003E3D76 /* LaunchScreen.xib */ = {
			isa = PBXVariantGroup;
			children = (
				32F526671AF6249D003E3D76 /* Base */,
			);
			name = LaunchScreen.xib;
			sourceTree = "<group>";
		};
/* End PBXVariantGroup section */

/* Begin XCBuildConfiguration section */
		32F526751AF6249D003E3D76 /* Debug */ = {
			isa = XCBuildConfiguration;
			buildSettings = {
				ALWAYS_SEARCH_USER_PATHS = NO;
				CLANG_CXX_LANGUAGE_STANDARD = "gnu++0x";
				CLANG_CXX_LIBRARY = "libc++";
				CLANG_ENABLE_MODULES = YES;
				CLANG_ENABLE_OBJC_ARC = YES;
				CLANG_WARN_BOOL_CONVERSION = YES;
				CLANG_WARN_CONSTANT_CONVERSION = YES;
				CLANG_WARN_DIRECT_OBJC_ISA_USAGE = YES_ERROR;
				CLANG_WARN_EMPTY_BODY = YES;
				CLANG_WARN_ENUM_CONVERSION = YES;
				CLANG_WARN_INT_CONVERSION = YES;
				CLANG_WARN_OBJC_ROOT_CLASS = YES_ERROR;
				CLANG_WARN_UNREACHABLE_CODE = YES;
				CLANG_WARN__DUPLICATE_METHOD_MATCH = YES;
				"CODE_SIGN_IDENTITY[sdk=iphoneos*]" = "iPhone Developer";
				COPY_PHASE_STRIP = NO;
				DEBUG_INFORMATION_FORMAT = "dwarf-with-dsym";
				ENABLE_STRICT_OBJC_MSGSEND = YES;
				GCC_C_LANGUAGE_STANDARD = gnu99;
				GCC_DYNAMIC_NO_PIC = NO;
				GCC_NO_COMMON_BLOCKS = YES;
				GCC_OPTIMIZATION_LEVEL = 0;
				GCC_PREPROCESSOR_DEFINITIONS = (
					"DEBUG=1",
					"$(inherited)",
				);
				GCC_SYMBOLS_PRIVATE_EXTERN = NO;
				GCC_WARN_64_TO_32_BIT_CONVERSION = YES;
				GCC_WARN_ABOUT_RETURN_TYPE = YES_ERROR;
				GCC_WARN_UNDECLARED_SELECTOR = YES;
				GCC_WARN_UNINITIALIZED_AUTOS = YES_AGGRESSIVE;
				GCC_WARN_UNUSED_FUNCTION = YES;
				GCC_WARN_UNUSED_VARIABLE = YES;
				IPHONEOS_DEPLOYMENT_TARGET = 8.3;
				MTL_ENABLE_DEBUG_INFO = YES;
				ONLY_ACTIVE_ARCH = YES;
				SDKROOT = iphoneos;
			};
			name = Debug;
		};
		32F526761AF6249D003E3D76 /* Release */ = {
			isa = XCBuildConfiguration;
			buildSettings = {
				ALWAYS_SEARCH_USER_PATHS = NO;
				CLANG_CXX_LANGUAGE_STANDARD = "gnu++0x";
				CLANG_CXX_LIBRARY = "libc++";
				CLANG_ENABLE_MODULES = YES;
				CLANG_ENABLE_OBJC_ARC = YES;
				CLANG_WARN_BOOL_CONVERSION = YES;
				CLANG_WARN_CONSTANT_CONVERSION = YES;
				CLANG_WARN_DIRECT_OBJC_ISA_USAGE = YES_ERROR;
				CLANG_WARN_EMPTY_BODY = YES;
				CLANG_WARN_ENUM_CONVERSION = YES;
				CLANG_WARN_INT_CONVERSION = YES;
				CLANG_WARN_OBJC_ROOT_CLASS = YES_ERROR;
				CLANG_WARN_UNREACHABLE_CODE = YES;
				CLANG_WARN__DUPLICATE_METHOD_MATCH = YES;
				"CODE_SIGN_IDENTITY[sdk=iphoneos*]" = "iPhone Developer";
				COPY_PHASE_STRIP = NO;
				DEBUG_INFORMATION_FORMAT = "dwarf-with-dsym";
				ENABLE_NS_ASSERTIONS = NO;
				ENABLE_STRICT_OBJC_MSGSEND = YES;
				GCC_C_LANGUAGE_STANDARD = gnu99;
				GCC_NO_COMMON_BLOCKS = YES;
				GCC_WARN_64_TO_32_BIT_CONVERSION = YES;
				GCC_WARN_ABOUT_RETURN_TYPE = YES_ERROR;
				GCC_WARN_UNDECLARED_SELECTOR = YES;
				GCC_WARN_UNINITIALIZED_AUTOS = YES_AGGRESSIVE;
				GCC_WARN_UNUSED_FUNCTION = YES;
				GCC_WARN_UNUSED_VARIABLE = YES;
				IPHONEOS_DEPLOYMENT_TARGET = 8.3;
				MTL_ENABLE_DEBUG_INFO = NO;
				SDKROOT = iphoneos;
				VALIDATE_PRODUCT = YES;
			};
			name = Release;
		};
		32F526781AF6249D003E3D76 /* Debug */ = {
			isa = XCBuildConfiguration;
			buildSettings = {
				ASSETCATALOG_COMPILER_APPICON_NAME = AppIcon;
				INFOPLIST_FILE = FlowerWeb/Info.plist;
				LD_RUNPATH_SEARCH_PATHS = "$(inherited) @executable_path/Frameworks";
				PRODUCT_NAME = "$(TARGET_NAME)";
			};
			name = Debug;
		};
		32F526791AF6249D003E3D76 /* Release */ = {
			isa = XCBuildConfiguration;
			buildSettings = {
				ASSETCATALOG_COMPILER_APPICON_NAME = AppIcon;
				INFOPLIST_FILE = FlowerWeb/Info.plist;
				LD_RUNPATH_SEARCH_PATHS = "$(inherited) @executable_path/Frameworks";
				PRODUCT_NAME = "$(TARGET_NAME)";
			};
			name = Release;
		};
		32F5267B1AF6249D003E3D76 /* Debug */ = {
			isa = XCBuildConfiguration;
			buildSettings = {
				BUNDLE_LOADER = "$(TEST_HOST)";
				FRAMEWORK_SEARCH_PATHS = (
					"$(SDKROOT)/Developer/Library/Frameworks",
					"$(inherited)",
				);
				GCC_PREPROCESSOR_DEFINITIONS = (
					"DEBUG=1",
					"$(inherited)",
				);
				INFOPLIST_FILE = FlowerWebTests/Info.plist;
				LD_RUNPATH_SEARCH_PATHS = "$(inherited) @executable_path/Frameworks @loader_path/Frameworks";
				PRODUCT_NAME = "$(TARGET_NAME)";
				TEST_HOST = "$(BUILT_PRODUCTS_DIR)/FlowerWeb.app/FlowerWeb";
			};
			name = Debug;
		};
		32F5267C1AF6249D003E3D76 /* Release */ = {
			isa = XCBuildConfiguration;
			buildSettings = {
				BUNDLE_LOADER = "$(TEST_HOST)";
				FRAMEWORK_SEARCH_PATHS = (
					"$(SDKROOT)/Developer/Library/Frameworks",
					"$(inherited)",
				);
				INFOPLIST_FILE = FlowerWebTests/Info.plist;
				LD_RUNPATH_SEARCH_PATHS = "$(inherited) @executable_path/Frameworks @loader_path/Frameworks";
				PRODUCT_NAME = "$(TARGET_NAME)";
				TEST_HOST = "$(BUILT_PRODUCTS_DIR)/FlowerWeb.app/FlowerWeb";
			};
			name = Release;
		};
/* End XCBuildConfiguration section */

/* Begin XCConfigurationList section */
		32F5264C1AF6249D003E3D76 /* Build configuration list for PBXProject "FlowerWeb" */ = {
			isa = XCConfigurationList;
			buildConfigurations = (
				32F526751AF6249D003E3D76 /* Debug */,
				32F526761AF6249D003E3D76 /* Release */,
			);
			defaultConfigurationIsVisible = 0;
			defaultConfigurationName = Release;
		};
		32F526771AF6249D003E3D76 /* Build configuration list for PBXNativeTarget "FlowerWeb" */ = {
			isa = XCConfigurationList;
			buildConfigurations = (
				32F526781AF6249D003E3D76 /* Debug */,
				32F526791AF6249D003E3D76 /* Release */,
			);
			defaultConfigurationIsVisible = 0;
		};
		32F5267A1AF6249D003E3D76 /* Build configuration list for PBXNativeTarget "FlowerWebTests" */ = {
			isa = XCConfigurationList;
			buildConfigurations = (
				32F5267B1AF6249D003E3D76 /* Debug */,
				32F5267C1AF6249D003E3D76 /* Release */,
			);
			defaultConfigurationIsVisible = 0;
		};
/* End XCConfigurationList section */

/* Begin XCVersionGroup section */
		32F5265B1AF6249D003E3D76 /* FlowerWeb.xcdatamodeld */ = {
			isa = XCVersionGroup;
			children = (
				32F5265C1AF6249D003E3D76 /* FlowerWeb.xcdatamodel */,
			);
			currentVersion = 32F5265C1AF6249D003E3D76 /* FlowerWeb.xcdatamodel */;
			path = FlowerWeb.xcdatamodeld;
			sourceTree = "<group>";
			versionGroupType = wrapper.xcdatamodel;
		};
/* End XCVersionGroup section */
	};
	rootObject = 32F526491AF6249D003E3D76 /* Project object */;
}
