// !$*UTF8*$!
{
	archiveVersion = 1;
	classes = {
	};
	objectVersion = 46;
	objects = {

/* Begin PBXBuildFile section */
		32802C331AC4DB7B009FEDC4 /* main.m in Sources */ = {isa = PBXBuildFile; fileRef = 32802C321AC4DB7B009FEDC4 /* main.m */; };
		32802C361AC4DB7B009FEDC4 /* AppDelegate.m in Sources */ = {isa = PBXBuildFile; fileRef = 32802C351AC4DB7B009FEDC4 /* AppDelegate.m */; };
		32802C391AC4DB7B009FEDC4 /* iPhonePractise.xcdatamodeld in Sources */ = {isa = PBXBuildFile; fileRef = 32802C371AC4DB7B009FEDC4 /* iPhonePractise.xcdatamodeld */; };
		32802C3C1AC4DB7B009FEDC4 /* ViewController.m in Sources */ = {isa = PBXBuildFile; fileRef = 32802C3B1AC4DB7B009FEDC4 /* ViewController.m */; };
		32802C3F1AC4DB7B009FEDC4 /* Main.storyboard in Resources */ = {isa = PBXBuildFile; fileRef = 32802C3D1AC4DB7B009FEDC4 /* Main.storyboard */; };
		32802C411AC4DB7B009FEDC4 /* Images.xcassets in Resources */ = {isa = PBXBuildFile; fileRef = 32802C401AC4DB7B009FEDC4 /* Images.xcassets */; };
		32802C441AC4DB7B009FEDC4 /* LaunchScreen.xib in Resources */ = {isa = PBXBuildFile; fileRef = 32802C421AC4DB7B009FEDC4 /* LaunchScreen.xib */; };
		32802C501AC4DB7B009FEDC4 /* iPhonePractiseTests.m in Sources */ = {isa = PBXBuildFile; fileRef = 32802C4F1AC4DB7B009FEDC4 /* iPhonePractiseTests.m */; };
		32802C5B1AC62C1C009FEDC4 /* Fraction.m in Sources */ = {isa = PBXBuildFile; fileRef = 32802C5A1AC62C1C009FEDC4 /* Fraction.m */; };
/* End PBXBuildFile section */

/* Begin PBXContainerItemProxy section */
		32802C4A1AC4DB7B009FEDC4 /* PBXContainerItemProxy */ = {
			isa = PBXContainerItemProxy;
			containerPortal = 32802C251AC4DB7B009FEDC4 /* Project object */;
			proxyType = 1;
			remoteGlobalIDString = 32802C2C1AC4DB7B009FEDC4;
			remoteInfo = iPhonePractise;
		};
/* End PBXContainerItemProxy section */

/* Begin PBXFileReference section */
		32802C2D1AC4DB7B009FEDC4 /* iPhonePractise.app */ = {isa = PBXFileReference; explicitFileType = wrapper.application; includeInIndex = 0; path = iPhonePractise.app; sourceTree = BUILT_PRODUCTS_DIR; };
		32802C311AC4DB7B009FEDC4 /* Info.plist */ = {isa = PBXFileReference; lastKnownFileType = text.plist.xml; path = Info.plist; sourceTree = "<group>"; };
		32802C321AC4DB7B009FEDC4 /* main.m */ = {isa = PBXFileReference; lastKnownFileType = sourcecode.c.objc; path = main.m; sourceTree = "<group>"; };
		32802C341AC4DB7B009FEDC4 /* AppDelegate.h */ = {isa = PBXFileReference; lastKnownFileType = sourcecode.c.h; path = AppDelegate.h; sourceTree = "<group>"; };
		32802C351AC4DB7B009FEDC4 /* AppDelegate.m */ = {isa = PBXFileReference; lastKnownFileType = sourcecode.c.objc; path = AppDelegate.m; sourceTree = "<group>"; };
		32802C381AC4DB7B009FEDC4 /* iPhonePractise.xcdatamodel */ = {isa = PBXFileReference; lastKnownFileType = wrapper.xcdatamodel; path = iPhonePractise.xcdatamodel; sourceTree = "<group>"; };
		32802C3A1AC4DB7B009FEDC4 /* ViewController.h */ = {isa = PBXFileReference; lastKnownFileType = sourcecode.c.h; path = ViewController.h; sourceTree = "<group>"; };
		32802C3B1AC4DB7B009FEDC4 /* ViewController.m */ = {isa = PBXFileReference; lastKnownFileType = sourcecode.c.objc; path = ViewController.m; sourceTree = "<group>"; };
		32802C3E1AC4DB7B009FEDC4 /* Base */ = {isa = PBXFileReference; lastKnownFileType = file.storyboard; name = Base; path = Base.lproj/Main.storyboard; sourceTree = "<group>"; };
		32802C401AC4DB7B009FEDC4 /* Images.xcassets */ = {isa = PBXFileReference; lastKnownFileType = folder.assetcatalog; path = Images.xcassets; sourceTree = "<group>"; };
		32802C431AC4DB7B009FEDC4 /* Base */ = {isa = PBXFileReference; lastKnownFileType = file.xib; name = Base; path = Base.lproj/LaunchScreen.xib; sourceTree = "<group>"; };
		32802C491AC4DB7B009FEDC4 /* iPhonePractiseTests.xctest */ = {isa = PBXFileReference; explicitFileType = wrapper.cfbundle; includeInIndex = 0; path = iPhonePractiseTests.xctest; sourceTree = BUILT_PRODUCTS_DIR; };
		32802C4E1AC4DB7B009FEDC4 /* Info.plist */ = {isa = PBXFileReference; lastKnownFileType = text.plist.xml; path = Info.plist; sourceTree = "<group>"; };
		32802C4F1AC4DB7B009FEDC4 /* iPhonePractiseTests.m */ = {isa = PBXFileReference; lastKnownFileType = sourcecode.c.objc; path = iPhonePractiseTests.m; sourceTree = "<group>"; };
		32802C591AC62C1C009FEDC4 /* Fraction.h */ = {isa = PBXFileReference; fileEncoding = 4; lastKnownFileType = sourcecode.c.h; path = Fraction.h; sourceTree = "<group>"; };
		32802C5A1AC62C1C009FEDC4 /* Fraction.m */ = {isa = PBXFileReference; fileEncoding = 4; lastKnownFileType = sourcecode.c.objc; path = Fraction.m; sourceTree = "<group>"; };
/* End PBXFileReference section */

/* Begin PBXFrameworksBuildPhase section */
		32802C2A1AC4DB7B009FEDC4 /* Frameworks */ = {
			isa = PBXFrameworksBuildPhase;
			buildActionMask = 2147483647;
			files = (
			);
			runOnlyForDeploymentPostprocessing = 0;
		};
		32802C461AC4DB7B009FEDC4 /* Frameworks */ = {
			isa = PBXFrameworksBuildPhase;
			buildActionMask = 2147483647;
			files = (
			);
			runOnlyForDeploymentPostprocessing = 0;
		};
/* End PBXFrameworksBuildPhase section */

/* Begin PBXGroup section */
		32802C241AC4DB7B009FEDC4 = {
			isa = PBXGroup;
			children = (
				32802C2F1AC4DB7B009FEDC4 /* iPhonePractise */,
				32802C4C1AC4DB7B009FEDC4 /* iPhonePractiseTests */,
				32802C2E1AC4DB7B009FEDC4 /* Products */,
			);
			sourceTree = "<group>";
		};
		32802C2E1AC4DB7B009FEDC4 /* Products */ = {
			isa = PBXGroup;
			children = (
				32802C2D1AC4DB7B009FEDC4 /* iPhonePractise.app */,
				32802C491AC4DB7B009FEDC4 /* iPhonePractiseTests.xctest */,
			);
			name = Products;
			sourceTree = "<group>";
		};
		32802C2F1AC4DB7B009FEDC4 /* iPhonePractise */ = {
			isa = PBXGroup;
			children = (
				32802C341AC4DB7B009FEDC4 /* AppDelegate.h */,
				32802C351AC4DB7B009FEDC4 /* AppDelegate.m */,
				32802C3A1AC4DB7B009FEDC4 /* ViewController.h */,
				32802C591AC62C1C009FEDC4 /* Fraction.h */,
				32802C5A1AC62C1C009FEDC4 /* Fraction.m */,
				32802C3B1AC4DB7B009FEDC4 /* ViewController.m */,
				32802C3D1AC4DB7B009FEDC4 /* Main.storyboard */,
				32802C401AC4DB7B009FEDC4 /* Images.xcassets */,
				32802C421AC4DB7B009FEDC4 /* LaunchScreen.xib */,
				32802C371AC4DB7B009FEDC4 /* iPhonePractise.xcdatamodeld */,
				32802C301AC4DB7B009FEDC4 /* Supporting Files */,
			);
			path = iPhonePractise;
			sourceTree = "<group>";
		};
		32802C301AC4DB7B009FEDC4 /* Supporting Files */ = {
			isa = PBXGroup;
			children = (
				32802C311AC4DB7B009FEDC4 /* Info.plist */,
				32802C321AC4DB7B009FEDC4 /* main.m */,
			);
			name = "Supporting Files";
			sourceTree = "<group>";
		};
		32802C4C1AC4DB7B009FEDC4 /* iPhonePractiseTests */ = {
			isa = PBXGroup;
			children = (
				32802C4F1AC4DB7B009FEDC4 /* iPhonePractiseTests.m */,
				32802C4D1AC4DB7B009FEDC4 /* Supporting Files */,
			);
			path = iPhonePractiseTests;
			sourceTree = "<group>";
		};
		32802C4D1AC4DB7B009FEDC4 /* Supporting Files */ = {
			isa = PBXGroup;
			children = (
				32802C4E1AC4DB7B009FEDC4 /* Info.plist */,
			);
			name = "Supporting Files";
			sourceTree = "<group>";
		};
/* End PBXGroup section */

/* Begin PBXNativeTarget section */
		32802C2C1AC4DB7B009FEDC4 /* iPhonePractise */ = {
			isa = PBXNativeTarget;
			buildConfigurationList = 32802C531AC4DB7B009FEDC4 /* Build configuration list for PBXNativeTarget "iPhonePractise" */;
			buildPhases = (
				32802C291AC4DB7B009FEDC4 /* Sources */,
				32802C2A1AC4DB7B009FEDC4 /* Frameworks */,
				32802C2B1AC4DB7B009FEDC4 /* Resources */,
			);
			buildRules = (
			);
			dependencies = (
			);
			name = iPhonePractise;
			productName = iPhonePractise;
			productReference = 32802C2D1AC4DB7B009FEDC4 /* iPhonePractise.app */;
			productType = "com.apple.product-type.application";
		};
		32802C481AC4DB7B009FEDC4 /* iPhonePractiseTests */ = {
			isa = PBXNativeTarget;
			buildConfigurationList = 32802C561AC4DB7B009FEDC4 /* Build configuration list for PBXNativeTarget "iPhonePractiseTests" */;
			buildPhases = (
				32802C451AC4DB7B009FEDC4 /* Sources */,
				32802C461AC4DB7B009FEDC4 /* Frameworks */,
				32802C471AC4DB7B009FEDC4 /* Resources */,
			);
			buildRules = (
			);
			dependencies = (
				32802C4B1AC4DB7B009FEDC4 /* PBXTargetDependency */,
			);
			name = iPhonePractiseTests;
			productName = iPhonePractiseTests;
			productReference = 32802C491AC4DB7B009FEDC4 /* iPhonePractiseTests.xctest */;
			productType = "com.apple.product-type.bundle.unit-test";
		};
/* End PBXNativeTarget section */

/* Begin PBXProject section */
		32802C251AC4DB7B009FEDC4 /* Project object */ = {
			isa = PBXProject;
			attributes = {
				LastUpgradeCheck = 0620;
				ORGANIZATIONNAME = bruce;
				TargetAttributes = {
					32802C2C1AC4DB7B009FEDC4 = {
						CreatedOnToolsVersion = 6.2;
					};
					32802C481AC4DB7B009FEDC4 = {
						CreatedOnToolsVersion = 6.2;
						TestTargetID = 32802C2C1AC4DB7B009FEDC4;
					};
				};
			};
			buildConfigurationList = 32802C281AC4DB7B009FEDC4 /* Build configuration list for PBXProject "iPhonePractise" */;
			compatibilityVersion = "Xcode 3.2";
			developmentRegion = English;
			hasScannedForEncodings = 0;
			knownRegions = (
				en,
				Base,
			);
			mainGroup = 32802C241AC4DB7B009FEDC4;
			productRefGroup = 32802C2E1AC4DB7B009FEDC4 /* Products */;
			projectDirPath = "";
			projectRoot = "";
			targets = (
				32802C2C1AC4DB7B009FEDC4 /* iPhonePractise */,
				32802C481AC4DB7B009FEDC4 /* iPhonePractiseTests */,
			);
		};
/* End PBXProject section */

/* Begin PBXResourcesBuildPhase section */
		32802C2B1AC4DB7B009FEDC4 /* Resources */ = {
			isa = PBXResourcesBuildPhase;
			buildActionMask = 2147483647;
			files = (
				32802C3F1AC4DB7B009FEDC4 /* Main.storyboard in Resources */,
				32802C441AC4DB7B009FEDC4 /* LaunchScreen.xib in Resources */,
				32802C411AC4DB7B009FEDC4 /* Images.xcassets in Resources */,
			);
			runOnlyForDeploymentPostprocessing = 0;
		};
		32802C471AC4DB7B009FEDC4 /* Resources */ = {
			isa = PBXResourcesBuildPhase;
			buildActionMask = 2147483647;
			files = (
			);
			runOnlyForDeploymentPostprocessing = 0;
		};
/* End PBXResourcesBuildPhase section */

/* Begin PBXSourcesBuildPhase section */
		32802C291AC4DB7B009FEDC4 /* Sources */ = {
			isa = PBXSourcesBuildPhase;
			buildActionMask = 2147483647;
			files = (
				32802C391AC4DB7B009FEDC4 /* iPhonePractise.xcdatamodeld in Sources */,
				32802C361AC4DB7B009FEDC4 /* AppDelegate.m in Sources */,
				32802C3C1AC4DB7B009FEDC4 /* ViewController.m in Sources */,
				32802C331AC4DB7B009FEDC4 /* main.m in Sources */,
				32802C5B1AC62C1C009FEDC4 /* Fraction.m in Sources */,
			);
			runOnlyForDeploymentPostprocessing = 0;
		};
		32802C451AC4DB7B009FEDC4 /* Sources */ = {
			isa = PBXSourcesBuildPhase;
			buildActionMask = 2147483647;
			files = (
				32802C501AC4DB7B009FEDC4 /* iPhonePractiseTests.m in Sources */,
			);
			runOnlyForDeploymentPostprocessing = 0;
		};
/* End PBXSourcesBuildPhase section */

/* Begin PBXTargetDependency section */
		32802C4B1AC4DB7B009FEDC4 /* PBXTargetDependency */ = {
			isa = PBXTargetDependency;
			target = 32802C2C1AC4DB7B009FEDC4 /* iPhonePractise */;
			targetProxy = 32802C4A1AC4DB7B009FEDC4 /* PBXContainerItemProxy */;
		};
/* End PBXTargetDependency section */

/* Begin PBXVariantGroup section */
		32802C3D1AC4DB7B009FEDC4 /* Main.storyboard */ = {
			isa = PBXVariantGroup;
			children = (
				32802C3E1AC4DB7B009FEDC4 /* Base */,
			);
			name = Main.storyboard;
			sourceTree = "<group>";
		};
		32802C421AC4DB7B009FEDC4 /* LaunchScreen.xib */ = {
			isa = PBXVariantGroup;
			children = (
				32802C431AC4DB7B009FEDC4 /* Base */,
			);
			name = LaunchScreen.xib;
			sourceTree = "<group>";
		};
/* End PBXVariantGroup section */

/* Begin XCBuildConfiguration section */
		32802C511AC4DB7B009FEDC4 /* Debug */ = {
			isa = XCBuildConfiguration;
			buildSettings = {
				ALWAYS_SEARCH_USER_PATHS = NO;
				CLANG_CXX_LANGUAGE_STANDARD = "gnu++0x";
				CLANG_CXX_LIBRARY = "libc++";
				CLANG_ENABLE_MODULES = YES;
				CLANG_ENABLE_OBJC_ARC = YES;
				CLANG_WARN_BOOL_CONVERSION = YES;
				CLANG_WARN_CONSTANT_CONVERSION = YES;
				CLANG_WARN_DIRECT_OBJC_ISA_USAGE = YES_ERROR;
				CLANG_WARN_EMPTY_BODY = YES;
				CLANG_WARN_ENUM_CONVERSION = YES;
				CLANG_WARN_INT_CONVERSION = YES;
				CLANG_WARN_OBJC_ROOT_CLASS = YES_ERROR;
				CLANG_WARN_UNREACHABLE_CODE = YES;
				CLANG_WARN__DUPLICATE_METHOD_MATCH = YES;
				"CODE_SIGN_IDENTITY[sdk=iphoneos*]" = "iPhone Developer";
				COPY_PHASE_STRIP = NO;
				ENABLE_STRICT_OBJC_MSGSEND = YES;
				GCC_C_LANGUAGE_STANDARD = gnu99;
				GCC_DYNAMIC_NO_PIC = NO;
				GCC_OPTIMIZATION_LEVEL = 0;
				GCC_PREPROCESSOR_DEFINITIONS = (
					"DEBUG=1",
					"$(inherited)",
				);
				GCC_SYMBOLS_PRIVATE_EXTERN = NO;
				GCC_WARN_64_TO_32_BIT_CONVERSION = YES;
				GCC_WARN_ABOUT_RETURN_TYPE = YES_ERROR;
				GCC_WARN_UNDECLARED_SELECTOR = YES;
				GCC_WARN_UNINITIALIZED_AUTOS = YES_AGGRESSIVE;
				GCC_WARN_UNUSED_FUNCTION = YES;
				GCC_WARN_UNUSED_VARIABLE = YES;
				IPHONEOS_DEPLOYMENT_TARGET = 8.2;
				MTL_ENABLE_DEBUG_INFO = YES;
				ONLY_ACTIVE_ARCH = YES;
				SDKROOT = iphoneos;
			};
			name = Debug;
		};
		32802C521AC4DB7B009FEDC4 /* Release */ = {
			isa = XCBuildConfiguration;
			buildSettings = {
				ALWAYS_SEARCH_USER_PATHS = NO;
				CLANG_CXX_LANGUAGE_STANDARD = "gnu++0x";
				CLANG_CXX_LIBRARY = "libc++";
				CLANG_ENABLE_MODULES = YES;
				CLANG_ENABLE_OBJC_ARC = YES;
				CLANG_WARN_BOOL_CONVERSION = YES;
				CLANG_WARN_CONSTANT_CONVERSION = YES;
				CLANG_WARN_DIRECT_OBJC_ISA_USAGE = YES_ERROR;
				CLANG_WARN_EMPTY_BODY = YES;
				CLANG_WARN_ENUM_CONVERSION = YES;
				CLANG_WARN_INT_CONVERSION = YES;
				CLANG_WARN_OBJC_ROOT_CLASS = YES_ERROR;
				CLANG_WARN_UNREACHABLE_CODE = YES;
				CLANG_WARN__DUPLICATE_METHOD_MATCH = YES;
				"CODE_SIGN_IDENTITY[sdk=iphoneos*]" = "iPhone Developer";
				COPY_PHASE_STRIP = NO;
				ENABLE_NS_ASSERTIONS = NO;
				ENABLE_STRICT_OBJC_MSGSEND = YES;
				GCC_C_LANGUAGE_STANDARD = gnu99;
				GCC_WARN_64_TO_32_BIT_CONVERSION = YES;
				GCC_WARN_ABOUT_RETURN_TYPE = YES_ERROR;
				GCC_WARN_UNDECLARED_SELECTOR = YES;
				GCC_WARN_UNINITIALIZED_AUTOS = YES_AGGRESSIVE;
				GCC_WARN_UNUSED_FUNCTION = YES;
				GCC_WARN_UNUSED_VARIABLE = YES;
				IPHONEOS_DEPLOYMENT_TARGET = 8.2;
				MTL_ENABLE_DEBUG_INFO = NO;
				SDKROOT = iphoneos;
				VALIDATE_PRODUCT = YES;
			};
			name = Release;
		};
		32802C541AC4DB7B009FEDC4 /* Debug */ = {
			isa = XCBuildConfiguration;
			buildSettings = {
				ASSETCATALOG_COMPILER_APPICON_NAME = AppIcon;
				INFOPLIST_FILE = iPhonePractise/Info.plist;
				LD_RUNPATH_SEARCH_PATHS = "$(inherited) @executable_path/Frameworks";
				PRODUCT_NAME = "$(TARGET_NAME)";
			};
			name = Debug;
		};
		32802C551AC4DB7B009FEDC4 /* Release */ = {
			isa = XCBuildConfiguration;
			buildSettings = {
				ASSETCATALOG_COMPILER_APPICON_NAME = AppIcon;
				INFOPLIST_FILE = iPhonePractise/Info.plist;
				LD_RUNPATH_SEARCH_PATHS = "$(inherited) @executable_path/Frameworks";
				PRODUCT_NAME = "$(TARGET_NAME)";
			};
			name = Release;
		};
		32802C571AC4DB7B009FEDC4 /* Debug */ = {
			isa = XCBuildConfiguration;
			buildSettings = {
				BUNDLE_LOADER = "$(TEST_HOST)";
				FRAMEWORK_SEARCH_PATHS = (
					"$(SDKROOT)/Developer/Library/Frameworks",
					"$(inherited)",
				);
				GCC_PREPROCESSOR_DEFINITIONS = (
					"DEBUG=1",
					"$(inherited)",
				);
				INFOPLIST_FILE = iPhonePractiseTests/Info.plist;
				LD_RUNPATH_SEARCH_PATHS = "$(inherited) @executable_path/Frameworks @loader_path/Frameworks";
				PRODUCT_NAME = "$(TARGET_NAME)";
				TEST_HOST = "$(BUILT_PRODUCTS_DIR)/iPhonePractise.app/iPhonePractise";
			};
			name = Debug;
		};
		32802C581AC4DB7B009FEDC4 /* Release */ = {
			isa = XCBuildConfiguration;
			buildSettings = {
				BUNDLE_LOADER = "$(TEST_HOST)";
				FRAMEWORK_SEARCH_PATHS = (
					"$(SDKROOT)/Developer/Library/Frameworks",
					"$(inherited)",
				);
				INFOPLIST_FILE = iPhonePractiseTests/Info.plist;
				LD_RUNPATH_SEARCH_PATHS = "$(inherited) @executable_path/Frameworks @loader_path/Frameworks";
				PRODUCT_NAME = "$(TARGET_NAME)";
				TEST_HOST = "$(BUILT_PRODUCTS_DIR)/iPhonePractise.app/iPhonePractise";
			};
			name = Release;
		};
/* End XCBuildConfiguration section */

/* Begin XCConfigurationList section */
		32802C281AC4DB7B009FEDC4 /* Build configuration list for PBXProject "iPhonePractise" */ = {
			isa = XCConfigurationList;
			buildConfigurations = (
				32802C511AC4DB7B009FEDC4 /* Debug */,
				32802C521AC4DB7B009FEDC4 /* Release */,
			);
			defaultConfigurationIsVisible = 0;
			defaultConfigurationName = Release;
		};
		32802C531AC4DB7B009FEDC4 /* Build configuration list for PBXNativeTarget "iPhonePractise" */ = {
			isa = XCConfigurationList;
			buildConfigurations = (
				32802C541AC4DB7B009FEDC4 /* Debug */,
				32802C551AC4DB7B009FEDC4 /* Release */,
			);
			defaultConfigurationIsVisible = 0;
		};
		32802C561AC4DB7B009FEDC4 /* Build configuration list for PBXNativeTarget "iPhonePractiseTests" */ = {
			isa = XCConfigurationList;
			buildConfigurations = (
				32802C571AC4DB7B009FEDC4 /* Debug */,
				32802C581AC4DB7B009FEDC4 /* Release */,
			);
			defaultConfigurationIsVisible = 0;
		};
/* End XCConfigurationList section */

/* Begin XCVersionGroup section */
		32802C371AC4DB7B009FEDC4 /* iPhonePractise.xcdatamodeld */ = {
			isa = XCVersionGroup;
			children = (
				32802C381AC4DB7B009FEDC4 /* iPhonePractise.xcdatamodel */,
			);
			currentVersion = 32802C381AC4DB7B009FEDC4 /* iPhonePractise.xcdatamodel */;
			path = iPhonePractise.xcdatamodeld;
			sourceTree = "<group>";
			versionGroupType = wrapper.xcdatamodel;
		};
/* End XCVersionGroup section */
	};
	rootObject = 32802C251AC4DB7B009FEDC4 /* Project object */;
}
